# THIS IS AN AUTOGENERATED FILE. DO NOT EDIT THIS FILE DIRECTLY.
# yarn lockfile v1


foundation-datepicker@^1.5.6:
  version "1.5.6"
  resolved "https://registry.yarnpkg.com/foundation-datepicker/-/foundation-datepicker-1.5.6.tgz#6dc891f3f6422028219f74284d1684548a8ca4bf"
  integrity sha1-bciR8/ZCICghn3QoTRaEVIqMpL8=

foundation-sites@^6.4.4-rc1:
  version "6.6.3"
  resolved "https://registry.yarnpkg.com/foundation-sites/-/foundation-sites-6.6.3.tgz#8ca5f246357db69e6a0e73351ce06aa8acce6540"
  integrity sha512-8X93wUAmUg1HhVv8uWMWnwoBLSQWSmFImJencneIZDctswn724Bq/MV1cbPZN/GFWGOB/9ngoQHztfzd4+ovCg==

jquery@^3.3.1:
  version "3.5.1"
  resolved "https://registry.yarnpkg.com/jquery/-/jquery-3.5.1.tgz#d7b4d08e1bfdb86ad2f1a3d039ea17304717abb5"
  integrity sha512-XwIBPqcMn57FxfT+Go5pzySnm4KWkT1Tv7gjrpT1srtf8Weynl6R273VJ5GjkRb51IzMp5nbaPjJXMWeju2MKg==

jqueryui@^1.11.1:
  version "1.11.1"
  resolved "https://registry.yarnpkg.com/jqueryui/-/jqueryui-1.11.1.tgz#8718550705f5568d1199196169094db73b2291bc"
  integrity sha1-hxhVBwX1Vo0RmRlhaQlNtzsikbw=

select2@^4.0.13:
  version "4.0.13"
  resolved "https://registry.yarnpkg.com/select2/-/select2-4.0.13.tgz#0dbe377df3f96167c4c1626033e924372d8ef44d"
  integrity sha512-1JeB87s6oN/TDxQQYCvS5EFoQyvV6eYMZZ0AeA4tdFDYWN3BAGZ8npr17UBFddU0lgAt3H0yjX3X6/ekOj1yjw==

what-input@^5.0.5:
  version "5.2.10"
  resolved "https://registry.yarnpkg.com/what-input/-/what-input-5.2.10.tgz#f79f5b65cf95d75e55e6d580bb0a6b98174cad4e"
  integrity sha512-7AQoIMGq7uU8esmKniOtZG3A+pzlwgeyFpkS3f/yzRbxknSL68tvn5gjE6bZ4OMFxCPjpaBd2udUTqlZ0HwrXQ==
