# THIS IS AN AUTOGENERATED FILE. DO NOT EDIT THIS FILE DIRECTLY.
# yarn lockfile v1


datetimepicker@^0.1.38:
  version "0.1.38"
  resolved "https://registry.yarnpkg.com/datetimepicker/-/datetimepicker-0.1.38.tgz#19a2ec5f8909035b6dce39fa2cd71eb87a437a18"

font-awesome@^4.7.0:
  version "4.7.0"
  resolved "https://registry.yarnpkg.com/font-awesome/-/font-awesome-4.7.0.tgz#8fa8cf0411a1a31afd07b06d2902bb9fc815a133"

foundation-datepicker@^1.5.6:
  version "1.5.6"
  resolved "https://registry.yarnpkg.com/foundation-datepicker/-/foundation-datepicker-1.5.6.tgz#6dc891f3f6422028219f74284d1684548a8ca4bf"

foundation-sites@5:
  version "5.5.3"
  resolved "https://registry.yarnpkg.com/foundation-sites/-/foundation-sites-5.5.3.tgz#6556eb2b31cde3b226630116bd215d95d056c0a7"

jquery@^2.1.4:
  version "2.2.4"
  resolved "https://registry.yarnpkg.com/jquery/-/jquery-2.2.4.tgz#2c89d6889b5eac522a7eea32c14521559c6cbf02"

jqueryui@^1.11.1:
  version "1.11.1"
  resolved "https://registry.yarnpkg.com/jqueryui/-/jqueryui-1.11.1.tgz#8718550705f5568d1199196169094db73b2291bc"
